
Microsoft Visual Studio Solution File, Format Version 12.00
# Visual Studio Version 17
VisualStudioVersion = 17.14.36804.6 d17.14
MinimumVisualStudioVersion = 10.0.40219.1
Project("{54A90642-561A-4BB1-A94E-469ADEE60C69}") = "frsentry.client", "frsentry.client\frsentry.client.esproj", "{62819F25-FB9D-1FA5-BAA8-C77DB2CC37ED}"
EndProject
Project("{FAE04EC0-301F-11D3-BF4B-00C04F79EFBC}") = "FrSentry.Server", "FrSentry.Server\FrSentry.Server.csproj", "{CCD3DE1F-96AA-4697-B456-7561F7B20EF0}"
EndProject
Global
	GlobalSection(SolutionConfigurationPlatforms) = preSolution
		Debug|Any CPU = Debug|Any CPU
		Release|Any CPU = Release|Any CPU
	EndGlobalSection
	GlobalSection(ProjectConfigurationPlatforms) = postSolution
		{62819F25-FB9D-1FA5-BAA8-C77DB2CC37ED}.Debug|Any CPU.ActiveCfg = Debug|Any CPU
		{62819F25-FB9D-1FA5-BAA8-C77DB2CC37ED}.Debug|Any CPU.Build.0 = Debug|Any CPU
		{62819F25-FB9D-1FA5-BAA8-C77DB2CC37ED}.Debug|Any CPU.Deploy.0 = Debug|Any CPU
		{62819F25-FB9D-1FA5-BAA8-C77DB2CC37ED}.Release|Any CPU.ActiveCfg = Release|Any CPU
		{62819F25-FB9D-1FA5-BAA8-C77DB2CC37ED}.Release|Any CPU.Build.0 = Release|Any CPU
		{62819F25-FB9D-1FA5-BAA8-C77DB2CC37ED}.Release|Any CPU.Deploy.0 = Release|Any CPU
		{CCD3DE1F-96AA-4697-B456-7561F7B20EF0}.Debug|Any CPU.ActiveCfg = Debug|Any CPU
		{CCD3DE1F-96AA-4697-B456-7561F7B20EF0}.Debug|Any CPU.Build.0 = Debug|Any CPU
		{CCD3DE1F-96AA-4697-B456-7561F7B20EF0}.Release|Any CPU.ActiveCfg = Release|Any CPU
		{CCD3DE1F-96AA-4697-B456-7561F7B20EF0}.Release|Any CPU.Build.0 = Release|Any CPU
	EndGlobalSection
	GlobalSection(SolutionProperties) = preSolution
		HideSolutionNode = FALSE
	EndGlobalSection
	GlobalSection(ExtensibilityGlobals) = postSolution
		SolutionGuid = {D7297504-C722-4004-A704-1441FCD0874C}
	EndGlobalSection
EndGlobal
